// !$*UTF8*$!
{
	archiveVersion = 1;
	classes = {
	};
	objectVersion = 55;
	objects = {

/* Begin PBXBuildFile section */
		CA33D6C128B71B0900AD8BD8 /* AppDelegate.swift in Sources */ = {isa = PBXBuildFile; fileRef = CA33D6C028B71B0900AD8BD8 /* AppDelegate.swift */; };
		CA33D6C328B71B0900AD8BD8 /* SceneDelegate.swift in Sources */ = {isa = PBXBuildFile; fileRef = CA33D6C228B71B0900AD8BD8 /* SceneDelegate.swift */; };
		CA33D6C528B71B0900AD8BD8 /* ViewController.swift in Sources */ = {isa = PBXBuildFile; fileRef = CA33D6C428B71B0900AD8BD8 /* ViewController.swift */; };
		CA33D6C828B71B0900AD8BD8 /* Main.storyboard in Resources */ = {isa = PBXBuildFile; fileRef = CA33D6C628B71B0900AD8BD8 /* Main.storyboard */; };
		CA33D6CB28B71B0900AD8BD8 /* DeignPatternImplementationApp.xcdatamodeld in Sources */ = {isa = PBXBuildFile; fileRef = CA33D6C928B71B0900AD8BD8 /* DeignPatternImplementationApp.xcdatamodeld */; };
		CA33D6CD28B71B0900AD8BD8 /* Assets.xcassets in Resources */ = {isa = PBXBuildFile; fileRef = CA33D6CC28B71B0900AD8BD8 /* Assets.xcassets */; };
		CA33D6D028B71B0900AD8BD8 /* LaunchScreen.storyboard in Resources */ = {isa = PBXBuildFile; fileRef = CA33D6CE28B71B0900AD8BD8 /* LaunchScreen.storyboard */; };
		CA33D6DB28B71B0900AD8BD8 /* DeignPatternImplementationAppTests.swift in Sources */ = {isa = PBXBuildFile; fileRef = CA33D6DA28B71B0900AD8BD8 /* DeignPatternImplementationAppTests.swift */; };
		CA33D6E528B71B0900AD8BD8 /* DeignPatternImplementationAppUITests.swift in Sources */ = {isa = PBXBuildFile; fileRef = CA33D6E428B71B0900AD8BD8 /* DeignPatternImplementationAppUITests.swift */; };
		CA33D6E728B71B0900AD8BD8 /* DeignPatternImplementationAppUITestsLaunchTests.swift in Sources */ = {isa = PBXBuildFile; fileRef = CA33D6E628B71B0900AD8BD8 /* DeignPatternImplementationAppUITestsLaunchTests.swift */; };
		CA33D6F528B71B8000AD8BD8 /* FunctionHelper.swift in Sources */ = {isa = PBXBuildFile; fileRef = CA33D6F428B71B8000AD8BD8 /* FunctionHelper.swift */; };
		CA33D6F728B7201200AD8BD8 /* SDKError.swift in Sources */ = {isa = PBXBuildFile; fileRef = CA33D6F628B7201200AD8BD8 /* SDKError.swift */; };
		CA33D6F928B7205500AD8BD8 /* Storyboarded.swift in Sources */ = {isa = PBXBuildFile; fileRef = CA33D6F828B7205500AD8BD8 /* Storyboarded.swift */; };
		CA33D6FE28B7251300AD8BD8 /* Warrior.swift in Sources */ = {isa = PBXBuildFile; fileRef = CA33D6FD28B7251300AD8BD8 /* Warrior.swift */; };
		CA33D70028B725CD00AD8BD8 /* WarriorState.swift in Sources */ = {isa = PBXBuildFile; fileRef = CA33D6FF28B725CD00AD8BD8 /* WarriorState.swift */; };
/* End PBXBuildFile section */

/* Begin PBXContainerItemProxy section */
		CA33D6D728B71B0900AD8BD8 /* PBXContainerItemProxy */ = {
			isa = PBXContainerItemProxy;
			containerPortal = CA33D6B528B71B0900AD8BD8 /* Project object */;
			proxyType = 1;
			remoteGlobalIDString = CA33D6BC28B71B0900AD8BD8;
			remoteInfo = DeignPatternImplementationApp;
		};
		CA33D6E128B71B0900AD8BD8 /* PBXContainerItemProxy */ = {
			isa = PBXContainerItemProxy;
			containerPortal = CA33D6B528B71B0900AD8BD8 /* Project object */;
			proxyType = 1;
			remoteGlobalIDString = CA33D6BC28B71B0900AD8BD8;
			remoteInfo = DeignPatternImplementationApp;
		};
/* End PBXContainerItemProxy section */

/* Begin PBXFileReference section */
		CA33D6BD28B71B0900AD8BD8 /* DeignPatternImplementationApp.app */ = {isa = PBXFileReference; explicitFileType = wrapper.application; includeInIndex = 0; path = DeignPatternImplementationApp.app; sourceTree = BUILT_PRODUCTS_DIR; };
		CA33D6C028B71B0900AD8BD8 /* AppDelegate.swift */ = {isa = PBXFileReference; lastKnownFileType = sourcecode.swift; path = AppDelegate.swift; sourceTree = "<group>"; };
		CA33D6C228B71B0900AD8BD8 /* SceneDelegate.swift */ = {isa = PBXFileReference; lastKnownFileType = sourcecode.swift; path = SceneDelegate.swift; sourceTree = "<group>"; };
		CA33D6C428B71B0900AD8BD8 /* ViewController.swift */ = {isa = PBXFileReference; lastKnownFileType = sourcecode.swift; path = ViewController.swift; sourceTree = "<group>"; };
		CA33D6C728B71B0900AD8BD8 /* Base */ = {isa = PBXFileReference; lastKnownFileType = file.storyboard; name = Base; path = Base.lproj/Main.storyboard; sourceTree = "<group>"; };
		CA33D6CA28B71B0900AD8BD8 /* DeignPatternImplementationApp.xcdatamodel */ = {isa = PBXFileReference; lastKnownFileType = wrapper.xcdatamodel; path = DeignPatternImplementationApp.xcdatamodel; sourceTree = "<group>"; };
		CA33D6CC28B71B0900AD8BD8 /* Assets.xcassets */ = {isa = PBXFileReference; lastKnownFileType = folder.assetcatalog; path = Assets.xcassets; sourceTree = "<group>"; };
		CA33D6CF28B71B0900AD8BD8 /* Base */ = {isa = PBXFileReference; lastKnownFileType = file.storyboard; name = Base; path = Base.lproj/LaunchScreen.storyboard; sourceTree = "<group>"; };
		CA33D6D128B71B0900AD8BD8 /* Info.plist */ = {isa = PBXFileReference; lastKnownFileType = text.plist.xml; path = Info.plist; sourceTree = "<group>"; };
		CA33D6D628B71B0900AD8BD8 /* DeignPatternImplementationAppTests.xctest */ = {isa = PBXFileReference; explicitFileType = wrapper.cfbundle; includeInIndex = 0; path = DeignPatternImplementationAppTests.xctest; sourceTree = BUILT_PRODUCTS_DIR; };
		CA33D6DA28B71B0900AD8BD8 /* DeignPatternImplementationAppTests.swift */ = {isa = PBXFileReference; lastKnownFileType = sourcecode.swift; path = DeignPatternImplementationAppTests.swift; sourceTree = "<group>"; };
		CA33D6E028B71B0900AD8BD8 /* DeignPatternImplementationAppUITests.xctest */ = {isa = PBXFileReference; explicitFileType = wrapper.cfbundle; includeInIndex = 0; path = DeignPatternImplementationAppUITests.xctest; sourceTree = BUILT_PRODUCTS_DIR; };
		CA33D6E428B71B0900AD8BD8 /* DeignPatternImplementationAppUITests.swift */ = {isa = PBXFileReference; lastKnownFileType = sourcecode.swift; path = DeignPatternImplementationAppUITests.swift; sourceTree = "<group>"; };
		CA33D6E628B71B0900AD8BD8 /* DeignPatternImplementationAppUITestsLaunchTests.swift */ = {isa = PBXFileReference; lastKnownFileType = sourcecode.swift; path = DeignPatternImplementationAppUITestsLaunchTests.swift; sourceTree = "<group>"; };
		CA33D6F428B71B8000AD8BD8 /* FunctionHelper.swift */ = {isa = PBXFileReference; lastKnownFileType = sourcecode.swift; path = FunctionHelper.swift; sourceTree = "<group>"; };
		CA33D6F628B7201200AD8BD8 /* SDKError.swift */ = {isa = PBXFileReference; lastKnownFileType = sourcecode.swift; path = SDKError.swift; sourceTree = "<group>"; };
		CA33D6F828B7205500AD8BD8 /* Storyboarded.swift */ = {isa = PBXFileReference; lastKnownFileType = sourcecode.swift; path = Storyboarded.swift; sourceTree = "<group>"; };
		CA33D6FD28B7251300AD8BD8 /* Warrior.swift */ = {isa = PBXFileReference; lastKnownFileType = sourcecode.swift; path = Warrior.swift; sourceTree = "<group>"; };
		CA33D6FF28B725CD00AD8BD8 /* WarriorState.swift */ = {isa = PBXFileReference; lastKnownFileType = sourcecode.swift; path = WarriorState.swift; sourceTree = "<group>"; };
/* End PBXFileReference section */

/* Begin PBXFrameworksBuildPhase section */
		CA33D6BA28B71B0900AD8BD8 /* Frameworks */ = {
			isa = PBXFrameworksBuildPhase;
			buildActionMask = 2147483647;
			files = (
			);
			runOnlyForDeploymentPostprocessing = 0;
		};
		CA33D6D328B71B0900AD8BD8 /* Frameworks */ = {
			isa = PBXFrameworksBuildPhase;
			buildActionMask = 2147483647;
			files = (
			);
			runOnlyForDeploymentPostprocessing = 0;
		};
		CA33D6DD28B71B0900AD8BD8 /* Frameworks */ = {
			isa = PBXFrameworksBuildPhase;
			buildActionMask = 2147483647;
			files = (
			);
			runOnlyForDeploymentPostprocessing = 0;
		};
/* End PBXFrameworksBuildPhase section */

/* Begin PBXGroup section */
		CA33D6B428B71B0900AD8BD8 = {
			isa = PBXGroup;
			children = (
				CA33D6BF28B71B0900AD8BD8 /* DeignPatternImplementationApp */,
				CA33D6D928B71B0900AD8BD8 /* DeignPatternImplementationAppTests */,
				CA33D6E328B71B0900AD8BD8 /* DeignPatternImplementationAppUITests */,
				CA33D6BE28B71B0900AD8BD8 /* Products */,
			);
			sourceTree = "<group>";
		};
		CA33D6BE28B71B0900AD8BD8 /* Products */ = {
			isa = PBXGroup;
			children = (
				CA33D6BD28B71B0900AD8BD8 /* DeignPatternImplementationApp.app */,
				CA33D6D628B71B0900AD8BD8 /* DeignPatternImplementationAppTests.xctest */,
				CA33D6E028B71B0900AD8BD8 /* DeignPatternImplementationAppUITests.xctest */,
			);
			name = Products;
			sourceTree = "<group>";
		};
		CA33D6BF28B71B0900AD8BD8 /* DeignPatternImplementationApp */ = {
			isa = PBXGroup;
			children = (
				CA33D6FA28B724AF00AD8BD8 /* StatePattern */,
				CA33D6F328B71B6200AD8BD8 /* Tool */,
				CA33D6C028B71B0900AD8BD8 /* AppDelegate.swift */,
				CA33D6C228B71B0900AD8BD8 /* SceneDelegate.swift */,
				CA33D6C428B71B0900AD8BD8 /* ViewController.swift */,
				CA33D6C628B71B0900AD8BD8 /* Main.storyboard */,
				CA33D6CC28B71B0900AD8BD8 /* Assets.xcassets */,
				CA33D6CE28B71B0900AD8BD8 /* LaunchScreen.storyboard */,
				CA33D6D128B71B0900AD8BD8 /* Info.plist */,
				CA33D6C928B71B0900AD8BD8 /* DeignPatternImplementationApp.xcdatamodeld */,
			);
			path = DeignPatternImplementationApp;
			sourceTree = "<group>";
		};
		CA33D6D928B71B0900AD8BD8 /* DeignPatternImplementationAppTests */ = {
			isa = PBXGroup;
			children = (
				CA33D6DA28B71B0900AD8BD8 /* DeignPatternImplementationAppTests.swift */,
			);
			path = DeignPatternImplementationAppTests;
			sourceTree = "<group>";
		};
		CA33D6E328B71B0900AD8BD8 /* DeignPatternImplementationAppUITests */ = {
			isa = PBXGroup;
			children = (
				CA33D6E428B71B0900AD8BD8 /* DeignPatternImplementationAppUITests.swift */,
				CA33D6E628B71B0900AD8BD8 /* DeignPatternImplementationAppUITestsLaunchTests.swift */,
			);
			path = DeignPatternImplementationAppUITests;
			sourceTree = "<group>";
		};
		CA33D6F328B71B6200AD8BD8 /* Tool */ = {
			isa = PBXGroup;
			children = (
				CA33D6F428B71B8000AD8BD8 /* FunctionHelper.swift */,
				CA33D6F628B7201200AD8BD8 /* SDKError.swift */,
				CA33D6F828B7205500AD8BD8 /* Storyboarded.swift */,
			);
			path = Tool;
			sourceTree = "<group>";
		};
		CA33D6FA28B724AF00AD8BD8 /* StatePattern */ = {
			isa = PBXGroup;
			children = (
				CA33D6FD28B7251300AD8BD8 /* Warrior.swift */,
				CA33D6FF28B725CD00AD8BD8 /* WarriorState.swift */,
			);
			path = StatePattern;
			sourceTree = "<group>";
		};
/* End PBXGroup section */

/* Begin PBXNativeTarget section */
		CA33D6BC28B71B0900AD8BD8 /* DeignPatternImplementationApp */ = {
			isa = PBXNativeTarget;
			buildConfigurationList = CA33D6EA28B71B0900AD8BD8 /* Build configuration list for PBXNativeTarget "DeignPatternImplementationApp" */;
			buildPhases = (
				CA33D6B928B71B0900AD8BD8 /* Sources */,
				CA33D6BA28B71B0900AD8BD8 /* Frameworks */,
				CA33D6BB28B71B0900AD8BD8 /* Resources */,
			);
			buildRules = (
			);
			dependencies = (
			);
			name = DeignPatternImplementationApp;
			productName = DeignPatternImplementationApp;
			productReference = CA33D6BD28B71B0900AD8BD8 /* DeignPatternImplementationApp.app */;
			productType = "com.apple.product-type.application";
		};
		CA33D6D528B71B0900AD8BD8 /* DeignPatternImplementationAppTests */ = {
			isa = PBXNativeTarget;
			buildConfigurationList = CA33D6ED28B71B0900AD8BD8 /* Build configuration list for PBXNativeTarget "DeignPatternImplementationAppTests" */;
			buildPhases = (
				CA33D6D228B71B0900AD8BD8 /* Sources */,
				CA33D6D328B71B0900AD8BD8 /* Frameworks */,
				CA33D6D428B71B0900AD8BD8 /* Resources */,
			);
			buildRules = (
			);
			dependencies = (
				CA33D6D828B71B0900AD8BD8 /* PBXTargetDependency */,
			);
			name = DeignPatternImplementationAppTests;
			productName = DeignPatternImplementationAppTests;
			productReference = CA33D6D628B71B0900AD8BD8 /* DeignPatternImplementationAppTests.xctest */;
			productType = "com.apple.product-type.bundle.unit-test";
		};
		CA33D6DF28B71B0900AD8BD8 /* DeignPatternImplementationAppUITests */ = {
			isa = PBXNativeTarget;
			buildConfigurationList = CA33D6F028B71B0900AD8BD8 /* Build configuration list for PBXNativeTarget "DeignPatternImplementationAppUITests" */;
			buildPhases = (
				CA33D6DC28B71B0900AD8BD8 /* Sources */,
				CA33D6DD28B71B0900AD8BD8 /* Frameworks */,
				CA33D6DE28B71B0900AD8BD8 /* Resources */,
			);
			buildRules = (
			);
			dependencies = (
				CA33D6E228B71B0900AD8BD8 /* PBXTargetDependency */,
			);
			name = DeignPatternImplementationAppUITests;
			productName = DeignPatternImplementationAppUITests;
			productReference = CA33D6E028B71B0900AD8BD8 /* DeignPatternImplementationAppUITests.xctest */;
			productType = "com.apple.product-type.bundle.ui-testing";
		};
/* End PBXNativeTarget section */

/* Begin PBXProject section */
		CA33D6B528B71B0900AD8BD8 /* Project object */ = {
			isa = PBXProject;
			attributes = {
				BuildIndependentTargetsInParallel = 1;
				LastSwiftUpdateCheck = 1340;
				LastUpgradeCheck = 1340;
				TargetAttributes = {
					CA33D6BC28B71B0900AD8BD8 = {
						CreatedOnToolsVersion = 13.4;
					};
					CA33D6D528B71B0900AD8BD8 = {
						CreatedOnToolsVersion = 13.4;
						TestTargetID = CA33D6BC28B71B0900AD8BD8;
					};
					CA33D6DF28B71B0900AD8BD8 = {
						CreatedOnToolsVersion = 13.4;
						TestTargetID = CA33D6BC28B71B0900AD8BD8;
					};
				};
			};
			buildConfigurationList = CA33D6B828B71B0900AD8BD8 /* Build configuration list for PBXProject "DeignPatternImplementationApp" */;
			compatibilityVersion = "Xcode 13.0";
			developmentRegion = en;
			hasScannedForEncodings = 0;
			knownRegions = (
				en,
				Base,
			);
			mainGroup = CA33D6B428B71B0900AD8BD8;
			productRefGroup = CA33D6BE28B71B0900AD8BD8 /* Products */;
			projectDirPath = "";
			projectRoot = "";
			targets = (
				CA33D6BC28B71B0900AD8BD8 /* DeignPatternImplementationApp */,
				CA33D6D528B71B0900AD8BD8 /* DeignPatternImplementationAppTests */,
				CA33D6DF28B71B0900AD8BD8 /* DeignPatternImplementationAppUITests */,
			);
		};
/* End PBXProject section */

/* Begin PBXResourcesBuildPhase section */
		CA33D6BB28B71B0900AD8BD8 /* Resources */ = {
			isa = PBXResourcesBuildPhase;
			buildActionMask = 2147483647;
			files = (
				CA33D6D028B71B0900AD8BD8 /* LaunchScreen.storyboard in Resources */,
				CA33D6CD28B71B0900AD8BD8 /* Assets.xcassets in Resources */,
				CA33D6C828B71B0900AD8BD8 /* Main.storyboard in Resources */,
			);
			runOnlyForDeploymentPostprocessing = 0;
		};
		CA33D6D428B71B0900AD8BD8 /* Resources */ = {
			isa = PBXResourcesBuildPhase;
			buildActionMask = 2147483647;
			files = (
			);
			runOnlyForDeploymentPostprocessing = 0;
		};
		CA33D6DE28B71B0900AD8BD8 /* Resources */ = {
			isa = PBXResourcesBuildPhase;
			buildActionMask = 2147483647;
			files = (
			);
			runOnlyForDeploymentPostprocessing = 0;
		};
/* End PBXResourcesBuildPhase section */

/* Begin PBXSourcesBuildPhase section */
		CA33D6B928B71B0900AD8BD8 /* Sources */ = {
			isa = PBXSourcesBuildPhase;
			buildActionMask = 2147483647;
			files = (
				CA33D6C528B71B0900AD8BD8 /* ViewController.swift in Sources */,
				CA33D6C128B71B0900AD8BD8 /* AppDelegate.swift in Sources */,
				CA33D6F528B71B8000AD8BD8 /* FunctionHelper.swift in Sources */,
				CA33D70028B725CD00AD8BD8 /* WarriorState.swift in Sources */,
				CA33D6F728B7201200AD8BD8 /* SDKError.swift in Sources */,
				CA33D6CB28B71B0900AD8BD8 /* DeignPatternImplementationApp.xcdatamodeld in Sources */,
				CA33D6FE28B7251300AD8BD8 /* Warrior.swift in Sources */,
				CA33D6C328B71B0900AD8BD8 /* SceneDelegate.swift in Sources */,
				CA33D6F928B7205500AD8BD8 /* Storyboarded.swift in Sources */,
			);
			runOnlyForDeploymentPostprocessing = 0;
		};
		CA33D6D228B71B0900AD8BD8 /* Sources */ = {
			isa = PBXSourcesBuildPhase;
			buildActionMask = 2147483647;
			files = (
				CA33D6DB28B71B0900AD8BD8 /* DeignPatternImplementationAppTests.swift in Sources */,
			);
			runOnlyForDeploymentPostprocessing = 0;
		};
		CA33D6DC28B71B0900AD8BD8 /* Sources */ = {
			isa = PBXSourcesBuildPhase;
			buildActionMask = 2147483647;
			files = (
				CA33D6E528B71B0900AD8BD8 /* DeignPatternImplementationAppUITests.swift in Sources */,
				CA33D6E728B71B0900AD8BD8 /* DeignPatternImplementationAppUITestsLaunchTests.swift in Sources */,
			);
			runOnlyForDeploymentPostprocessing = 0;
		};
/* End PBXSourcesBuildPhase section */

/* Begin PBXTargetDependency section */
		CA33D6D828B71B0900AD8BD8 /* PBXTargetDependency */ = {
			isa = PBXTargetDependency;
			target = CA33D6BC28B71B0900AD8BD8 /* DeignPatternImplementationApp */;
			targetProxy = CA33D6D728B71B0900AD8BD8 /* PBXContainerItemProxy */;
		};
		CA33D6E228B71B0900AD8BD8 /* PBXTargetDependency */ = {
			isa = PBXTargetDependency;
			target = CA33D6BC28B71B0900AD8BD8 /* DeignPatternImplementationApp */;
			targetProxy = CA33D6E128B71B0900AD8BD8 /* PBXContainerItemProxy */;
		};
/* End PBXTargetDependency section */

/* Begin PBXVariantGroup section */
		CA33D6C628B71B0900AD8BD8 /* Main.storyboard */ = {
			isa = PBXVariantGroup;
			children = (
				CA33D6C728B71B0900AD8BD8 /* Base */,
			);
			name = Main.storyboard;
			sourceTree = "<group>";
		};
		CA33D6CE28B71B0900AD8BD8 /* LaunchScreen.storyboard */ = {
			isa = PBXVariantGroup;
			children = (
				CA33D6CF28B71B0900AD8BD8 /* Base */,
			);
			name = LaunchScreen.storyboard;
			sourceTree = "<group>";
		};
/* End PBXVariantGroup section */

/* Begin XCBuildConfiguration section */
		CA33D6E828B71B0900AD8BD8 /* Debug */ = {
			isa = XCBuildConfiguration;
			buildSettings = {
				ALWAYS_SEARCH_USER_PATHS = NO;
				CLANG_ANALYZER_NONNULL = YES;
				CLANG_ANALYZER_NUMBER_OBJECT_CONVERSION = YES_AGGRESSIVE;
				CLANG_CXX_LANGUAGE_STANDARD = "gnu++17";
				CLANG_ENABLE_MODULES = YES;
				CLANG_ENABLE_OBJC_ARC = YES;
				CLANG_ENABLE_OBJC_WEAK = YES;
				CLANG_WARN_BLOCK_CAPTURE_AUTORELEASING = YES;
				CLANG_WARN_BOOL_CONVERSION = YES;
				CLANG_WARN_COMMA = YES;
				CLANG_WARN_CONSTANT_CONVERSION = YES;
				CLANG_WARN_DEPRECATED_OBJC_IMPLEMENTATIONS = YES;
				CLANG_WARN_DIRECT_OBJC_ISA_USAGE = YES_ERROR;
				CLANG_WARN_DOCUMENTATION_COMMENTS = YES;
				CLANG_WARN_EMPTY_BODY = YES;
				CLANG_WARN_ENUM_CONVERSION = YES;
				CLANG_WARN_INFINITE_RECURSION = YES;
				CLANG_WARN_INT_CONVERSION = YES;
				CLANG_WARN_NON_LITERAL_NULL_CONVERSION = YES;
				CLANG_WARN_OBJC_IMPLICIT_RETAIN_SELF = YES;
				CLANG_WARN_OBJC_LITERAL_CONVERSION = YES;
				CLANG_WARN_OBJC_ROOT_CLASS = YES_ERROR;
				CLANG_WARN_QUOTED_INCLUDE_IN_FRAMEWORK_HEADER = YES;
				CLANG_WARN_RANGE_LOOP_ANALYSIS = YES;
				CLANG_WARN_STRICT_PROTOTYPES = YES;
				CLANG_WARN_SUSPICIOUS_MOVE = YES;
				CLANG_WARN_UNGUARDED_AVAILABILITY = YES_AGGRESSIVE;
				CLANG_WARN_UNREACHABLE_CODE = YES;
				CLANG_WARN__DUPLICATE_METHOD_MATCH = YES;
				COPY_PHASE_STRIP = NO;
				DEBUG_INFORMATION_FORMAT = dwarf;
				ENABLE_STRICT_OBJC_MSGSEND = YES;
				ENABLE_TESTABILITY = YES;
				GCC_C_LANGUAGE_STANDARD = gnu11;
				GCC_DYNAMIC_NO_PIC = NO;
				GCC_NO_COMMON_BLOCKS = YES;
				GCC_OPTIMIZATION_LEVEL = 0;
				GCC_PREPROCESSOR_DEFINITIONS = (
					"DEBUG=1",
					"$(inherited)",
				);
				GCC_WARN_64_TO_32_BIT_CONVERSION = YES;
				GCC_WARN_ABOUT_RETURN_TYPE = YES_ERROR;
				GCC_WARN_UNDECLARED_SELECTOR = YES;
				GCC_WARN_UNINITIALIZED_AUTOS = YES_AGGRESSIVE;
				GCC_WARN_UNUSED_FUNCTION = YES;
				GCC_WARN_UNUSED_VARIABLE = YES;
				IPHONEOS_DEPLOYMENT_TARGET = 15.5;
				MTL_ENABLE_DEBUG_INFO = INCLUDE_SOURCE;
				MTL_FAST_MATH = YES;
				ONLY_ACTIVE_ARCH = YES;
				SDKROOT = iphoneos;
				SWIFT_ACTIVE_COMPILATION_CONDITIONS = DEBUG;
				SWIFT_OPTIMIZATION_LEVEL = "-Onone";
			};
			name = Debug;
		};
		CA33D6E928B71B0900AD8BD8 /* Release */ = {
			isa = XCBuildConfiguration;
			buildSettings = {
				ALWAYS_SEARCH_USER_PATHS = NO;
				CLANG_ANALYZER_NONNULL = YES;
				CLANG_ANALYZER_NUMBER_OBJECT_CONVERSION = YES_AGGRESSIVE;
				CLANG_CXX_LANGUAGE_STANDARD = "gnu++17";
				CLANG_ENABLE_MODULES = YES;
				CLANG_ENABLE_OBJC_ARC = YES;
				CLANG_ENABLE_OBJC_WEAK = YES;
				CLANG_WARN_BLOCK_CAPTURE_AUTORELEASING = YES;
				CLANG_WARN_BOOL_CONVERSION = YES;
				CLANG_WARN_COMMA = YES;
				CLANG_WARN_CONSTANT_CONVERSION = YES;
				CLANG_WARN_DEPRECATED_OBJC_IMPLEMENTATIONS = YES;
				CLANG_WARN_DIRECT_OBJC_ISA_USAGE = YES_ERROR;
				CLANG_WARN_DOCUMENTATION_COMMENTS = YES;
				CLANG_WARN_EMPTY_BODY = YES;
				CLANG_WARN_ENUM_CONVERSION = YES;
				CLANG_WARN_INFINITE_RECURSION = YES;
				CLANG_WARN_INT_CONVERSION = YES;
				CLANG_WARN_NON_LITERAL_NULL_CONVERSION = YES;
				CLANG_WARN_OBJC_IMPLICIT_RETAIN_SELF = YES;
				CLANG_WARN_OBJC_LITERAL_CONVERSION = YES;
				CLANG_WARN_OBJC_ROOT_CLASS = YES_ERROR;
				CLANG_WARN_QUOTED_INCLUDE_IN_FRAMEWORK_HEADER = YES;
				CLANG_WARN_RANGE_LOOP_ANALYSIS = YES;
				CLANG_WARN_STRICT_PROTOTYPES = YES;
				CLANG_WARN_SUSPICIOUS_MOVE = YES;
				CLANG_WARN_UNGUARDED_AVAILABILITY = YES_AGGRESSIVE;
				CLANG_WARN_UNREACHABLE_CODE = YES;
				CLANG_WARN__DUPLICATE_METHOD_MATCH = YES;
				COPY_PHASE_STRIP = NO;
				DEBUG_INFORMATION_FORMAT = "dwarf-with-dsym";
				ENABLE_NS_ASSERTIONS = NO;
				ENABLE_STRICT_OBJC_MSGSEND = YES;
				GCC_C_LANGUAGE_STANDARD = gnu11;
				GCC_NO_COMMON_BLOCKS = YES;
				GCC_WARN_64_TO_32_BIT_CONVERSION = YES;
				GCC_WARN_ABOUT_RETURN_TYPE = YES_ERROR;
				GCC_WARN_UNDECLARED_SELECTOR = YES;
				GCC_WARN_UNINITIALIZED_AUTOS = YES_AGGRESSIVE;
				GCC_WARN_UNUSED_FUNCTION = YES;
				GCC_WARN_UNUSED_VARIABLE = YES;
				IPHONEOS_DEPLOYMENT_TARGET = 15.5;
				MTL_ENABLE_DEBUG_INFO = NO;
				MTL_FAST_MATH = YES;
				SDKROOT = iphoneos;
				SWIFT_COMPILATION_MODE = wholemodule;
				SWIFT_OPTIMIZATION_LEVEL = "-O";
				VALIDATE_PRODUCT = YES;
			};
			name = Release;
		};
		CA33D6EB28B71B0900AD8BD8 /* Debug */ = {
			isa = XCBuildConfiguration;
			buildSettings = {
				ASSETCATALOG_COMPILER_APPICON_NAME = AppIcon;
				ASSETCATALOG_COMPILER_GLOBAL_ACCENT_COLOR_NAME = AccentColor;
				CODE_SIGN_STYLE = Automatic;
				CURRENT_PROJECT_VERSION = 1;
				GENERATE_INFOPLIST_FILE = YES;
				INFOPLIST_FILE = DeignPatternImplementationApp/Info.plist;
				INFOPLIST_KEY_UIApplicationSupportsIndirectInputEvents = YES;
				INFOPLIST_KEY_UILaunchStoryboardName = LaunchScreen;
				INFOPLIST_KEY_UIMainStoryboardFile = Main;
				INFOPLIST_KEY_UISupportedInterfaceOrientations_iPad = "UIInterfaceOrientationPortrait UIInterfaceOrientationPortraitUpsideDown UIInterfaceOrientationLandscapeLeft UIInterfaceOrientationLandscapeRight";
				INFOPLIST_KEY_UISupportedInterfaceOrientations_iPhone = "UIInterfaceOrientationPortrait UIInterfaceOrientationLandscapeLeft UIInterfaceOrientationLandscapeRight";
				LD_RUNPATH_SEARCH_PATHS = (
					"$(inherited)",
					"@executable_path/Frameworks",
				);
				MARKETING_VERSION = 1.0;
				PRODUCT_BUNDLE_IDENTIFIER = com.yen064.DeignPatternImplementationApp;
				PRODUCT_NAME = "$(TARGET_NAME)";
				SWIFT_EMIT_LOC_STRINGS = YES;
				SWIFT_VERSION = 5.0;
				TARGETED_DEVICE_FAMILY = "1,2";
			};
			name = Debug;
		};
		CA33D6EC28B71B0900AD8BD8 /* Release */ = {
			isa = XCBuildConfiguration;
			buildSettings = {
				ASSETCATALOG_COMPILER_APPICON_NAME = AppIcon;
				ASSETCATALOG_COMPILER_GLOBAL_ACCENT_COLOR_NAME = AccentColor;
				CODE_SIGN_STYLE = Automatic;
				CURRENT_PROJECT_VERSION = 1;
				GENERATE_INFOPLIST_FILE = YES;
				INFOPLIST_FILE = DeignPatternImplementationApp/Info.plist;
				INFOPLIST_KEY_UIApplicationSupportsIndirectInputEvents = YES;
				INFOPLIST_KEY_UILaunchStoryboardName = LaunchScreen;
				INFOPLIST_KEY_UIMainStoryboardFile = Main;
				INFOPLIST_KEY_UISupportedInterfaceOrientations_iPad = "UIInterfaceOrientationPortrait UIInterfaceOrientationPortraitUpsideDown UIInterfaceOrientationLandscapeLeft UIInterfaceOrientationLandscapeRight";
				INFOPLIST_KEY_UISupportedInterfaceOrientations_iPhone = "UIInterfaceOrientationPortrait UIInterfaceOrientationLandscapeLeft UIInterfaceOrientationLandscapeRight";
				LD_RUNPATH_SEARCH_PATHS = (
					"$(inherited)",
					"@executable_path/Frameworks",
				);
				MARKETING_VERSION = 1.0;
				PRODUCT_BUNDLE_IDENTIFIER = com.yen064.DeignPatternImplementationApp;
				PRODUCT_NAME = "$(TARGET_NAME)";
				SWIFT_EMIT_LOC_STRINGS = YES;
				SWIFT_VERSION = 5.0;
				TARGETED_DEVICE_FAMILY = "1,2";
			};
			name = Release;
		};
		CA33D6EE28B71B0900AD8BD8 /* Debug */ = {
			isa = XCBuildConfiguration;
			buildSettings = {
				ALWAYS_EMBED_SWIFT_STANDARD_LIBRARIES = YES;
				BUNDLE_LOADER = "$(TEST_HOST)";
				CODE_SIGN_STYLE = Automatic;
				CURRENT_PROJECT_VERSION = 1;
				GENERATE_INFOPLIST_FILE = YES;
				IPHONEOS_DEPLOYMENT_TARGET = 15.5;
				MARKETING_VERSION = 1.0;
				PRODUCT_BUNDLE_IDENTIFIER = com.yen064.DeignPatternImplementationAppTests;
				PRODUCT_NAME = "$(TARGET_NAME)";
				SWIFT_EMIT_LOC_STRINGS = NO;
				SWIFT_VERSION = 5.0;
				TARGETED_DEVICE_FAMILY = "1,2";
				TEST_HOST = "$(BUILT_PRODUCTS_DIR)/DeignPatternImplementationApp.app/DeignPatternImplementationApp";
			};
			name = Debug;
		};
		CA33D6EF28B71B0900AD8BD8 /* Release */ = {
			isa = XCBuildConfiguration;
			buildSettings = {
				ALWAYS_EMBED_SWIFT_STANDARD_LIBRARIES = YES;
				BUNDLE_LOADER = "$(TEST_HOST)";
				CODE_SIGN_STYLE = Automatic;
				CURRENT_PROJECT_VERSION = 1;
				GENERATE_INFOPLIST_FILE = YES;
				IPHONEOS_DEPLOYMENT_TARGET = 15.5;
				MARKETING_VERSION = 1.0;
				PRODUCT_BUNDLE_IDENTIFIER = com.yen064.DeignPatternImplementationAppTests;
				PRODUCT_NAME = "$(TARGET_NAME)";
				SWIFT_EMIT_LOC_STRINGS = NO;
				SWIFT_VERSION = 5.0;
				TARGETED_DEVICE_FAMILY = "1,2";
				TEST_HOST = "$(BUILT_PRODUCTS_DIR)/DeignPatternImplementationApp.app/DeignPatternImplementationApp";
			};
			name = Release;
		};
		CA33D6F128B71B0900AD8BD8 /* Debug */ = {
			isa = XCBuildConfiguration;
			buildSettings = {
				ALWAYS_EMBED_SWIFT_STANDARD_LIBRARIES = YES;
				CODE_SIGN_STYLE = Automatic;
				CURRENT_PROJECT_VERSION = 1;
				GENERATE_INFOPLIST_FILE = YES;
				MARKETING_VERSION = 1.0;
				PRODUCT_BUNDLE_IDENTIFIER = com.yen064.DeignPatternImplementationAppUITests;
				PRODUCT_NAME = "$(TARGET_NAME)";
				SWIFT_EMIT_LOC_STRINGS = NO;
				SWIFT_VERSION = 5.0;
				TARGETED_DEVICE_FAMILY = "1,2";
				TEST_TARGET_NAME = DeignPatternImplementationApp;
			};
			name = Debug;
		};
		CA33D6F228B71B0900AD8BD8 /* Release */ = {
			isa = XCBuildConfiguration;
			buildSettings = {
				ALWAYS_EMBED_SWIFT_STANDARD_LIBRARIES = YES;
				CODE_SIGN_STYLE = Automatic;
				CURRENT_PROJECT_VERSION = 1;
				GENERATE_INFOPLIST_FILE = YES;
				MARKETING_VERSION = 1.0;
				PRODUCT_BUNDLE_IDENTIFIER = com.yen064.DeignPatternImplementationAppUITests;
				PRODUCT_NAME = "$(TARGET_NAME)";
				SWIFT_EMIT_LOC_STRINGS = NO;
				SWIFT_VERSION = 5.0;
				TARGETED_DEVICE_FAMILY = "1,2";
				TEST_TARGET_NAME = DeignPatternImplementationApp;
			};
			name = Release;
		};
/* End XCBuildConfiguration section */

/* Begin XCConfigurationList section */
		CA33D6B828B71B0900AD8BD8 /* Build configuration list for PBXProject "DeignPatternImplementationApp" */ = {
			isa = XCConfigurationList;
			buildConfigurations = (
				CA33D6E828B71B0900AD8BD8 /* Debug */,
				CA33D6E928B71B0900AD8BD8 /* Release */,
			);
			defaultConfigurationIsVisible = 0;
			defaultConfigurationName = Release;
		};
		CA33D6EA28B71B0900AD8BD8 /* Build configuration list for PBXNativeTarget "DeignPatternImplementationApp" */ = {
			isa = XCConfigurationList;
			buildConfigurations = (
				CA33D6EB28B71B0900AD8BD8 /* Debug */,
				CA33D6EC28B71B0900AD8BD8 /* Release */,
			);
			defaultConfigurationIsVisible = 0;
			defaultConfigurationName = Release;
		};
		CA33D6ED28B71B0900AD8BD8 /* Build configuration list for PBXNativeTarget "DeignPatternImplementationAppTests" */ = {
			isa = XCConfigurationList;
			buildConfigurations = (
				CA33D6EE28B71B0900AD8BD8 /* Debug */,
				CA33D6EF28B71B0900AD8BD8 /* Release */,
			);
			defaultConfigurationIsVisible = 0;
			defaultConfigurationName = Release;
		};
		CA33D6F028B71B0900AD8BD8 /* Build configuration list for PBXNativeTarget "DeignPatternImplementationAppUITests" */ = {
			isa = XCConfigurationList;
			buildConfigurations = (
				CA33D6F128B71B0900AD8BD8 /* Debug */,
				CA33D6F228B71B0900AD8BD8 /* Release */,
			);
			defaultConfigurationIsVisible = 0;
			defaultConfigurationName = Release;
		};
/* End XCConfigurationList section */

/* Begin XCVersionGroup section */
		CA33D6C928B71B0900AD8BD8 /* DeignPatternImplementationApp.xcdatamodeld */ = {
			isa = XCVersionGroup;
			children = (
				CA33D6CA28B71B0900AD8BD8 /* DeignPatternImplementationApp.xcdatamodel */,
			);
			currentVersion = CA33D6CA28B71B0900AD8BD8 /* DeignPatternImplementationApp.xcdatamodel */;
			path = DeignPatternImplementationApp.xcdatamodeld;
			sourceTree = "<group>";
			versionGroupType = wrapper.xcdatamodel;
		};
/* End XCVersionGroup section */
	};
	rootObject = CA33D6B528B71B0900AD8BD8 /* Project object */;
}
